
Microsoft Visual Studio Solution File, Format Version 12.00
# Visual Studio Version 17
VisualStudioVersion = 17.7.34031.279
MinimumVisualStudioVersion = 10.0.40219.1
Project("{FAE04EC0-301F-11D3-BF4B-00C04F79EFBC}") = "Tic Tac Toe", "Tic Tac Toe.csproj", "{329E6BEC-649E-4972-8397-2BA01D72998D}"
EndProject
Global
	GlobalSection(SolutionConfigurationPlatforms) = preSolution
		Debug|Any CPU = Debug|Any CPU
		Release|Any CPU = Release|Any CPU
	EndGlobalSection
	GlobalSection(ProjectConfigurationPlatforms) = postSolution
		{329E6BEC-649E-4972-8397-2BA01D72998D}.Debug|Any CPU.ActiveCfg = Debug|Any CPU
		{329E6BEC-649E-4972-8397-2BA01D72998D}.Debug|Any CPU.Build.0 = Debug|Any CPU
		{329E6BEC-649E-4972-8397-2BA01D72998D}.Release|Any CPU.ActiveCfg = Release|Any CPU
		{329E6BEC-649E-4972-8397-2BA01D72998D}.Release|Any CPU.Build.0 = Release|Any CPU
	EndGlobalSection
	GlobalSection(SolutionProperties) = preSolution
		HideSolutionNode = FALSE
	EndGlobalSection
	GlobalSection(ExtensibilityGlobals) = postSolution
		SolutionGuid = {A0CFAEA1-D8EE-4AE6-B7EC-AA91A493B3D6}
	EndGlobalSection
EndGlobal
