
Microsoft Visual Studio Solution File, Format Version 12.00
# Visual Studio Version 17
VisualStudioVersion = 17.7.34031.279
MinimumVisualStudioVersion = 10.0.40219.1
Project("{FAE04EC0-301F-11D3-BF4B-00C04F79EFBC}") = "Vin Fletchers Arrows", "Vin Fletchers Arrows.csproj", "{22644826-8D2E-4F51-9608-B02FDE8EE89D}"
EndProject
Global
	GlobalSection(SolutionConfigurationPlatforms) = preSolution
		Debug|Any CPU = Debug|Any CPU
		Release|Any CPU = Release|Any CPU
	EndGlobalSection
	GlobalSection(ProjectConfigurationPlatforms) = postSolution
		{22644826-8D2E-4F51-9608-B02FDE8EE89D}.Debug|Any CPU.ActiveCfg = Debug|Any CPU
		{22644826-8D2E-4F51-9608-B02FDE8EE89D}.Debug|Any CPU.Build.0 = Debug|Any CPU
		{22644826-8D2E-4F51-9608-B02FDE8EE89D}.Release|Any CPU.ActiveCfg = Release|Any CPU
		{22644826-8D2E-4F51-9608-B02FDE8EE89D}.Release|Any CPU.Build.0 = Release|Any CPU
	EndGlobalSection
	GlobalSection(SolutionProperties) = preSolution
		HideSolutionNode = FALSE
	EndGlobalSection
	GlobalSection(ExtensibilityGlobals) = postSolution
		SolutionGuid = {4ABE414E-3DE9-47A2-97B9-8998F8391A1F}
	EndGlobalSection
EndGlobal
