
Microsoft Visual Studio Solution File, Format Version 12.00
# Visual Studio Version 17
VisualStudioVersion = 17.7.34031.279
MinimumVisualStudioVersion = 10.0.40219.1
Project("{FAE04EC0-301F-11D3-BF4B-00C04F79EFBC}") = "The Feud", "The Feud.csproj", "{094E6D9E-D687-4665-AF48-F0FE95767E98}"
EndProject
Global
	GlobalSection(SolutionConfigurationPlatforms) = preSolution
		Debug|Any CPU = Debug|Any CPU
		Release|Any CPU = Release|Any CPU
	EndGlobalSection
	GlobalSection(ProjectConfigurationPlatforms) = postSolution
		{094E6D9E-D687-4665-AF48-F0FE95767E98}.Debug|Any CPU.ActiveCfg = Debug|Any CPU
		{094E6D9E-D687-4665-AF48-F0FE95767E98}.Debug|Any CPU.Build.0 = Debug|Any CPU
		{094E6D9E-D687-4665-AF48-F0FE95767E98}.Release|Any CPU.ActiveCfg = Release|Any CPU
		{094E6D9E-D687-4665-AF48-F0FE95767E98}.Release|Any CPU.Build.0 = Release|Any CPU
	EndGlobalSection
	GlobalSection(SolutionProperties) = preSolution
		HideSolutionNode = FALSE
	EndGlobalSection
	GlobalSection(ExtensibilityGlobals) = postSolution
		SolutionGuid = {D15F5EBB-C8D6-4B12-9023-FB1625299FA5}
	EndGlobalSection
EndGlobal
